
Microsoft Visual Studio Solution File, Format Version 12.00
# Visual Studio Version 17
VisualStudioVersion = 17.5.33414.496
MinimumVisualStudioVersion = 10.0.40219.1
Project("{FAE04EC0-301F-11D3-BF4B-00C04F79EFBC}") = "pryBarreiroBD", "pryBarreiroBD\pryBarreiroBD.csproj", "{7A561D90-07C3-4D48-A9B5-89AF44D51BFE}"
EndProject
Global
	GlobalSection(SolutionConfigurationPlatforms) = preSolution
		Debug|Any CPU = Debug|Any CPU
		Release|Any CPU = Release|Any CPU
	EndGlobalSection
	GlobalSection(ProjectConfigurationPlatforms) = postSolution
		{7A561D90-07C3-4D48-A9B5-89AF44D51BFE}.Debug|Any CPU.ActiveCfg = Debug|Any CPU
		{7A561D90-07C3-4D48-A9B5-89AF44D51BFE}.Debug|Any CPU.Build.0 = Debug|Any CPU
		{7A561D90-07C3-4D48-A9B5-89AF44D51BFE}.Release|Any CPU.ActiveCfg = Release|Any CPU
		{7A561D90-07C3-4D48-A9B5-89AF44D51BFE}.Release|Any CPU.Build.0 = Release|Any CPU
	EndGlobalSection
	GlobalSection(SolutionProperties) = preSolution
		HideSolutionNode = FALSE
	EndGlobalSection
	GlobalSection(ExtensibilityGlobals) = postSolution
		SolutionGuid = {E4B3A934-72EE-48A8-ABA6-DF99CFEB8293}
	EndGlobalSection
EndGlobal
